// !$*UTF8*$!
{
	archiveVersion = 1;
	classes = {
	};
	objectVersion = 55;
	objects = {

/* Begin PBXBuildFile section */
		44673DFAB4E0B40073104117 /* libPods-BinaryTest.a in Frameworks */ = {isa = PBXBuildFile; fileRef = 91ADBD4A9FFC57FA49F8CF45 /* libPods-BinaryTest.a */; };
		4A2CC9C52915130400C23E71 /* AppDelegate.m in Sources */ = {isa = PBXBuildFile; fileRef = 4A2CC9C42915130400C23E71 /* AppDelegate.m */; };
		4A2CC9C82915130400C23E71 /* SceneDelegate.m in Sources */ = {isa = PBXBuildFile; fileRef = 4A2CC9C72915130400C23E71 /* SceneDelegate.m */; };
		4A2CC9CB2915130400C23E71 /* ViewController.m in Sources */ = {isa = PBXBuildFile; fileRef = 4A2CC9CA2915130400C23E71 /* ViewController.m */; };
		4A2CC9CE2915130400C23E71 /* Main.storyboard in Resources */ = {isa = PBXBuildFile; fileRef = 4A2CC9CC2915130400C23E71 /* Main.storyboard */; };
		4A2CC9D02915130500C23E71 /* Assets.xcassets in Resources */ = {isa = PBXBuildFile; fileRef = 4A2CC9CF2915130500C23E71 /* Assets.xcassets */; };
		4A2CC9D32915130500C23E71 /* LaunchScreen.storyboard in Resources */ = {isa = PBXBuildFile; fileRef = 4A2CC9D12915130500C23E71 /* LaunchScreen.storyboard */; };
		4A2CC9D62915130500C23E71 /* main.m in Sources */ = {isa = PBXBuildFile; fileRef = 4A2CC9D52915130500C23E71 /* main.m */; };
/* End PBXBuildFile section */

/* Begin PBXFileReference section */
		4A2CC9C02915130400C23E71 /* BinaryTest.app */ = {isa = PBXFileReference; explicitFileType = wrapper.application; includeInIndex = 0; path = BinaryTest.app; sourceTree = BUILT_PRODUCTS_DIR; };
		4A2CC9C32915130400C23E71 /* AppDelegate.h */ = {isa = PBXFileReference; lastKnownFileType = sourcecode.c.h; path = AppDelegate.h; sourceTree = "<group>"; };
		4A2CC9C42915130400C23E71 /* AppDelegate.m */ = {isa = PBXFileReference; lastKnownFileType = sourcecode.c.objc; path = AppDelegate.m; sourceTree = "<group>"; };
		4A2CC9C62915130400C23E71 /* SceneDelegate.h */ = {isa = PBXFileReference; lastKnownFileType = sourcecode.c.h; path = SceneDelegate.h; sourceTree = "<group>"; };
		4A2CC9C72915130400C23E71 /* SceneDelegate.m */ = {isa = PBXFileReference; lastKnownFileType = sourcecode.c.objc; path = SceneDelegate.m; sourceTree = "<group>"; };
		4A2CC9C92915130400C23E71 /* ViewController.h */ = {isa = PBXFileReference; lastKnownFileType = sourcecode.c.h; path = ViewController.h; sourceTree = "<group>"; };
		4A2CC9CA2915130400C23E71 /* ViewController.m */ = {isa = PBXFileReference; lastKnownFileType = sourcecode.c.objc; path = ViewController.m; sourceTree = "<group>"; };
		4A2CC9CD2915130400C23E71 /* Base */ = {isa = PBXFileReference; lastKnownFileType = file.storyboard; name = Base; path = Base.lproj/Main.storyboard; sourceTree = "<group>"; };
		4A2CC9CF2915130500C23E71 /* Assets.xcassets */ = {isa = PBXFileReference; lastKnownFileType = folder.assetcatalog; path = Assets.xcassets; sourceTree = "<group>"; };
		4A2CC9D22915130500C23E71 /* Base */ = {isa = PBXFileReference; lastKnownFileType = file.storyboard; name = Base; path = Base.lproj/LaunchScreen.storyboard; sourceTree = "<group>"; };
		4A2CC9D42915130500C23E71 /* Info.plist */ = {isa = PBXFileReference; lastKnownFileType = text.plist.xml; path = Info.plist; sourceTree = "<group>"; };
		4A2CC9D52915130500C23E71 /* main.m */ = {isa = PBXFileReference; lastKnownFileType = sourcecode.c.objc; path = main.m; sourceTree = "<group>"; };
		91ADBD4A9FFC57FA49F8CF45 /* libPods-BinaryTest.a */ = {isa = PBXFileReference; explicitFileType = archive.ar; includeInIndex = 0; path = "libPods-BinaryTest.a"; sourceTree = BUILT_PRODUCTS_DIR; };
		BC208BFF29A9B8C738A6AD37 /* Pods-BinaryTest.debug.xcconfig */ = {isa = PBXFileReference; includeInIndex = 1; lastKnownFileType = text.xcconfig; name = "Pods-BinaryTest.debug.xcconfig"; path = "Target Support Files/Pods-BinaryTest/Pods-BinaryTest.debug.xcconfig"; sourceTree = "<group>"; };
		BF02948860EF1C60E04930EE /* Pods-BinaryTest.release.xcconfig */ = {isa = PBXFileReference; includeInIndex = 1; lastKnownFileType = text.xcconfig; name = "Pods-BinaryTest.release.xcconfig"; path = "Target Support Files/Pods-BinaryTest/Pods-BinaryTest.release.xcconfig"; sourceTree = "<group>"; };
/* End PBXFileReference section */

/* Begin PBXFrameworksBuildPhase section */
		4A2CC9BD2915130400C23E71 /* Frameworks */ = {
			isa = PBXFrameworksBuildPhase;
			buildActionMask = 2147483647;
			files = (
				44673DFAB4E0B40073104117 /* libPods-BinaryTest.a in Frameworks */,
			);
			runOnlyForDeploymentPostprocessing = 0;
		};
/* End PBXFrameworksBuildPhase section */

/* Begin PBXGroup section */
		4A2CC9B72915130400C23E71 = {
			isa = PBXGroup;
			children = (
				4A2CC9C22915130400C23E71 /* BinaryTest */,
				4A2CC9C12915130400C23E71 /* Products */,
				4FB2FBEA3DB8C465AD235216 /* Pods */,
				9FB8D01BEA034563881365AA /* Frameworks */,
			);
			sourceTree = "<group>";
		};
		4A2CC9C12915130400C23E71 /* Products */ = {
			isa = PBXGroup;
			children = (
				4A2CC9C02915130400C23E71 /* BinaryTest.app */,
			);
			name = Products;
			sourceTree = "<group>";
		};
		4A2CC9C22915130400C23E71 /* BinaryTest */ = {
			isa = PBXGroup;
			children = (
				4A2CC9C32915130400C23E71 /* AppDelegate.h */,
				4A2CC9C42915130400C23E71 /* AppDelegate.m */,
				4A2CC9C62915130400C23E71 /* SceneDelegate.h */,
				4A2CC9C72915130400C23E71 /* SceneDelegate.m */,
				4A2CC9C92915130400C23E71 /* ViewController.h */,
				4A2CC9CA2915130400C23E71 /* ViewController.m */,
				4A2CC9CC2915130400C23E71 /* Main.storyboard */,
				4A2CC9CF2915130500C23E71 /* Assets.xcassets */,
				4A2CC9D12915130500C23E71 /* LaunchScreen.storyboard */,
				4A2CC9D42915130500C23E71 /* Info.plist */,
				4A2CC9D52915130500C23E71 /* main.m */,
			);
			path = BinaryTest;
			sourceTree = "<group>";
		};
		4FB2FBEA3DB8C465AD235216 /* Pods */ = {
			isa = PBXGroup;
			children = (
				BC208BFF29A9B8C738A6AD37 /* Pods-BinaryTest.debug.xcconfig */,
				BF02948860EF1C60E04930EE /* Pods-BinaryTest.release.xcconfig */,
			);
			name = Pods;
			path = Pods;
			sourceTree = "<group>";
		};
		9FB8D01BEA034563881365AA /* Frameworks */ = {
			isa = PBXGroup;
			children = (
				91ADBD4A9FFC57FA49F8CF45 /* libPods-BinaryTest.a */,
			);
			name = Frameworks;
			sourceTree = "<group>";
		};
/* End PBXGroup section */

/* Begin PBXNativeTarget section */
		4A2CC9BF2915130400C23E71 /* BinaryTest */ = {
			isa = PBXNativeTarget;
			buildConfigurationList = 4A2CC9D92915130500C23E71 /* Build configuration list for PBXNativeTarget "BinaryTest" */;
			buildPhases = (
				4ABD343B52CE2F30007D7918 /* [CP] Check Pods Manifest.lock */,
				4A2CC9BC2915130400C23E71 /* Sources */,
				4A2CC9BD2915130400C23E71 /* Frameworks */,
				4A2CC9BE2915130400C23E71 /* Resources */,
			);
			buildRules = (
			);
			dependencies = (
			);
			name = BinaryTest;
			productName = BinaryTest;
			productReference = 4A2CC9C02915130400C23E71 /* BinaryTest.app */;
			productType = "com.apple.product-type.application";
		};
/* End PBXNativeTarget section */

/* Begin PBXProject section */
		4A2CC9B82915130400C23E71 /* Project object */ = {
			isa = PBXProject;
			attributes = {
				BuildIndependentTargetsInParallel = 1;
				LastUpgradeCheck = 1320;
				TargetAttributes = {
					4A2CC9BF2915130400C23E71 = {
						CreatedOnToolsVersion = 13.2.1;
					};
				};
			};
			buildConfigurationList = 4A2CC9BB2915130400C23E71 /* Build configuration list for PBXProject "BinaryTest" */;
			compatibilityVersion = "Xcode 13.0";
			developmentRegion = en;
			hasScannedForEncodings = 0;
			knownRegions = (
				en,
				Base,
			);
			mainGroup = 4A2CC9B72915130400C23E71;
			productRefGroup = 4A2CC9C12915130400C23E71 /* Products */;
			projectDirPath = "";
			projectRoot = "";
			targets = (
				4A2CC9BF2915130400C23E71 /* BinaryTest */,
			);
		};
/* End PBXProject section */

/* Begin PBXResourcesBuildPhase section */
		4A2CC9BE2915130400C23E71 /* Resources */ = {
			isa = PBXResourcesBuildPhase;
			buildActionMask = 2147483647;
			files = (
				4A2CC9D32915130500C23E71 /* LaunchScreen.storyboard in Resources */,
				4A2CC9D02915130500C23E71 /* Assets.xcassets in Resources */,
				4A2CC9CE2915130400C23E71 /* Main.storyboard in Resources */,
			);
			runOnlyForDeploymentPostprocessing = 0;
		};
/* End PBXResourcesBuildPhase section */

/* Begin PBXShellScriptBuildPhase section */
		4ABD343B52CE2F30007D7918 /* [CP] Check Pods Manifest.lock */ = {
			isa = PBXShellScriptBuildPhase;
			buildActionMask = 2147483647;
			files = (
			);
			inputFileListPaths = (
			);
			inputPaths = (
				"${PODS_PODFILE_DIR_PATH}/Podfile.lock",
				"${PODS_ROOT}/Manifest.lock",
			);
			name = "[CP] Check Pods Manifest.lock";
			outputFileListPaths = (
			);
			outputPaths = (
				"$(DERIVED_FILE_DIR)/Pods-BinaryTest-checkManifestLockResult.txt",
			);
			runOnlyForDeploymentPostprocessing = 0;
			shellPath = /bin/sh;
			shellScript = "diff \"${PODS_PODFILE_DIR_PATH}/Podfile.lock\" \"${PODS_ROOT}/Manifest.lock\" > /dev/null\nif [ $? != 0 ] ; then\n    # print error to STDERR\n    echo \"error: The sandbox is not in sync with the Podfile.lock. Run 'pod install' or update your CocoaPods installation.\" >&2\n    exit 1\nfi\n# This output is used by Xcode 'outputs' to avoid re-running this script phase.\necho \"SUCCESS\" > \"${SCRIPT_OUTPUT_FILE_0}\"\n";
			showEnvVarsInLog = 0;
		};
/* End PBXShellScriptBuildPhase section */

/* Begin PBXSourcesBuildPhase section */
		4A2CC9BC2915130400C23E71 /* Sources */ = {
			isa = PBXSourcesBuildPhase;
			buildActionMask = 2147483647;
			files = (
				4A2CC9CB2915130400C23E71 /* ViewController.m in Sources */,
				4A2CC9C52915130400C23E71 /* AppDelegate.m in Sources */,
				4A2CC9D62915130500C23E71 /* main.m in Sources */,
				4A2CC9C82915130400C23E71 /* SceneDelegate.m in Sources */,
			);
			runOnlyForDeploymentPostprocessing = 0;
		};
/* End PBXSourcesBuildPhase section */

/* Begin PBXVariantGroup section */
		4A2CC9CC2915130400C23E71 /* Main.storyboard */ = {
			isa = PBXVariantGroup;
			children = (
				4A2CC9CD2915130400C23E71 /* Base */,
			);
			name = Main.storyboard;
			sourceTree = "<group>";
		};
		4A2CC9D12915130500C23E71 /* LaunchScreen.storyboard */ = {
			isa = PBXVariantGroup;
			children = (
				4A2CC9D22915130500C23E71 /* Base */,
			);
			name = LaunchScreen.storyboard;
			sourceTree = "<group>";
		};
/* End PBXVariantGroup section */

/* Begin XCBuildConfiguration section */
		4A2CC9D72915130500C23E71 /* Debug */ = {
			isa = XCBuildConfiguration;
			buildSettings = {
				ALWAYS_SEARCH_USER_PATHS = NO;
				CLANG_ANALYZER_NONNULL = YES;
				CLANG_ANALYZER_NUMBER_OBJECT_CONVERSION = YES_AGGRESSIVE;
				CLANG_CXX_LANGUAGE_STANDARD = "gnu++17";
				CLANG_CXX_LIBRARY = "libc++";
				CLANG_ENABLE_MODULES = YES;
				CLANG_ENABLE_OBJC_ARC = YES;
				CLANG_ENABLE_OBJC_WEAK = YES;
				CLANG_WARN_BLOCK_CAPTURE_AUTORELEASING = YES;
				CLANG_WARN_BOOL_CONVERSION = YES;
				CLANG_WARN_COMMA = YES;
				CLANG_WARN_CONSTANT_CONVERSION = YES;
				CLANG_WARN_DEPRECATED_OBJC_IMPLEMENTATIONS = YES;
				CLANG_WARN_DIRECT_OBJC_ISA_USAGE = YES_ERROR;
				CLANG_WARN_DOCUMENTATION_COMMENTS = YES;
				CLANG_WARN_EMPTY_BODY = YES;
				CLANG_WARN_ENUM_CONVERSION = YES;
				CLANG_WARN_INFINITE_RECURSION = YES;
				CLANG_WARN_INT_CONVERSION = YES;
				CLANG_WARN_NON_LITERAL_NULL_CONVERSION = YES;
				CLANG_WARN_OBJC_IMPLICIT_RETAIN_SELF = YES;
				CLANG_WARN_OBJC_LITERAL_CONVERSION = YES;
				CLANG_WARN_OBJC_ROOT_CLASS = YES_ERROR;
				CLANG_WARN_QUOTED_INCLUDE_IN_FRAMEWORK_HEADER = YES;
				CLANG_WARN_RANGE_LOOP_ANALYSIS = YES;
				CLANG_WARN_STRICT_PROTOTYPES = YES;
				CLANG_WARN_SUSPICIOUS_MOVE = YES;
				CLANG_WARN_UNGUARDED_AVAILABILITY = YES_AGGRESSIVE;
				CLANG_WARN_UNREACHABLE_CODE = YES;
				CLANG_WARN__DUPLICATE_METHOD_MATCH = YES;
				COPY_PHASE_STRIP = NO;
				DEBUG_INFORMATION_FORMAT = dwarf;
				ENABLE_STRICT_OBJC_MSGSEND = YES;
				ENABLE_TESTABILITY = YES;
				GCC_C_LANGUAGE_STANDARD = gnu11;
				GCC_DYNAMIC_NO_PIC = NO;
				GCC_NO_COMMON_BLOCKS = YES;
				GCC_OPTIMIZATION_LEVEL = 0;
				GCC_PREPROCESSOR_DEFINITIONS = (
					"DEBUG=1",
					"$(inherited)",
				);
				GCC_WARN_64_TO_32_BIT_CONVERSION = YES;
				GCC_WARN_ABOUT_RETURN_TYPE = YES_ERROR;
				GCC_WARN_UNDECLARED_SELECTOR = YES;
				GCC_WARN_UNINITIALIZED_AUTOS = YES_AGGRESSIVE;
				GCC_WARN_UNUSED_FUNCTION = YES;
				GCC_WARN_UNUSED_VARIABLE = YES;
				IPHONEOS_DEPLOYMENT_TARGET = 15.2;
				MTL_ENABLE_DEBUG_INFO = INCLUDE_SOURCE;
				MTL_FAST_MATH = YES;
				ONLY_ACTIVE_ARCH = YES;
				SDKROOT = iphoneos;
			};
			name = Debug;
		};
		4A2CC9D82915130500C23E71 /* Release */ = {
			isa = XCBuildConfiguration;
			buildSettings = {
				ALWAYS_SEARCH_USER_PATHS = NO;
				CLANG_ANALYZER_NONNULL = YES;
				CLANG_ANALYZER_NUMBER_OBJECT_CONVERSION = YES_AGGRESSIVE;
				CLANG_CXX_LANGUAGE_STANDARD = "gnu++17";
				CLANG_CXX_LIBRARY = "libc++";
				CLANG_ENABLE_MODULES = YES;
				CLANG_ENABLE_OBJC_ARC = YES;
				CLANG_ENABLE_OBJC_WEAK = YES;
				CLANG_WARN_BLOCK_CAPTURE_AUTORELEASING = YES;
				CLANG_WARN_BOOL_CONVERSION = YES;
				CLANG_WARN_COMMA = YES;
				CLANG_WARN_CONSTANT_CONVERSION = YES;
				CLANG_WARN_DEPRECATED_OBJC_IMPLEMENTATIONS = YES;
				CLANG_WARN_DIRECT_OBJC_ISA_USAGE = YES_ERROR;
				CLANG_WARN_DOCUMENTATION_COMMENTS = YES;
				CLANG_WARN_EMPTY_BODY = YES;
				CLANG_WARN_ENUM_CONVERSION = YES;
				CLANG_WARN_INFINITE_RECURSION = YES;
				CLANG_WARN_INT_CONVERSION = YES;
				CLANG_WARN_NON_LITERAL_NULL_CONVERSION = YES;
				CLANG_WARN_OBJC_IMPLICIT_RETAIN_SELF = YES;
				CLANG_WARN_OBJC_LITERAL_CONVERSION = YES;
				CLANG_WARN_OBJC_ROOT_CLASS = YES_ERROR;
				CLANG_WARN_QUOTED_INCLUDE_IN_FRAMEWORK_HEADER = YES;
				CLANG_WARN_RANGE_LOOP_ANALYSIS = YES;
				CLANG_WARN_STRICT_PROTOTYPES = YES;
				CLANG_WARN_SUSPICIOUS_MOVE = YES;
				CLANG_WARN_UNGUARDED_AVAILABILITY = YES_AGGRESSIVE;
				CLANG_WARN_UNREACHABLE_CODE = YES;
				CLANG_WARN__DUPLICATE_METHOD_MATCH = YES;
				COPY_PHASE_STRIP = NO;
				DEBUG_INFORMATION_FORMAT = "dwarf-with-dsym";
				ENABLE_NS_ASSERTIONS = NO;
				ENABLE_STRICT_OBJC_MSGSEND = YES;
				GCC_C_LANGUAGE_STANDARD = gnu11;
				GCC_NO_COMMON_BLOCKS = YES;
				GCC_WARN_64_TO_32_BIT_CONVERSION = YES;
				GCC_WARN_ABOUT_RETURN_TYPE = YES_ERROR;
				GCC_WARN_UNDECLARED_SELECTOR = YES;
				GCC_WARN_UNINITIALIZED_AUTOS = YES_AGGRESSIVE;
				GCC_WARN_UNUSED_FUNCTION = YES;
				GCC_WARN_UNUSED_VARIABLE = YES;
				IPHONEOS_DEPLOYMENT_TARGET = 15.2;
				MTL_ENABLE_DEBUG_INFO = NO;
				MTL_FAST_MATH = YES;
				SDKROOT = iphoneos;
				VALIDATE_PRODUCT = YES;
			};
			name = Release;
		};
		4A2CC9DA2915130500C23E71 /* Debug */ = {
			isa = XCBuildConfiguration;
			baseConfigurationReference = BC208BFF29A9B8C738A6AD37 /* Pods-BinaryTest.debug.xcconfig */;
			buildSettings = {
				ASSETCATALOG_COMPILER_APPICON_NAME = AppIcon;
				ASSETCATALOG_COMPILER_GLOBAL_ACCENT_COLOR_NAME = AccentColor;
				CODE_SIGN_STYLE = Automatic;
				CURRENT_PROJECT_VERSION = 1;
				DEVELOPMENT_TEAM = Y59KXUJS2N;
				GENERATE_INFOPLIST_FILE = YES;
				INFOPLIST_FILE = BinaryTest/Info.plist;
				INFOPLIST_KEY_UIApplicationSupportsIndirectInputEvents = YES;
				INFOPLIST_KEY_UILaunchStoryboardName = LaunchScreen;
				INFOPLIST_KEY_UIMainStoryboardFile = Main;
				INFOPLIST_KEY_UISupportedInterfaceOrientations_iPad = "UIInterfaceOrientationPortrait UIInterfaceOrientationPortraitUpsideDown UIInterfaceOrientationLandscapeLeft UIInterfaceOrientationLandscapeRight";
				INFOPLIST_KEY_UISupportedInterfaceOrientations_iPhone = "UIInterfaceOrientationPortrait UIInterfaceOrientationLandscapeLeft UIInterfaceOrientationLandscapeRight";
				LD_RUNPATH_SEARCH_PATHS = (
					"$(inherited)",
					"@executable_path/Frameworks",
				);
				MARKETING_VERSION = 1.0;
				PRODUCT_BUNDLE_IDENTIFIER = com.anyway.BinaryTest;
				PRODUCT_NAME = "$(TARGET_NAME)";
				SWIFT_EMIT_LOC_STRINGS = YES;
				TARGETED_DEVICE_FAMILY = "1,2";
			};
			name = Debug;
		};
		4A2CC9DB2915130500C23E71 /* Release */ = {
			isa = XCBuildConfiguration;
			baseConfigurationReference = BF02948860EF1C60E04930EE /* Pods-BinaryTest.release.xcconfig */;
			buildSettings = {
				ASSETCATALOG_COMPILER_APPICON_NAME = AppIcon;
				ASSETCATALOG_COMPILER_GLOBAL_ACCENT_COLOR_NAME = AccentColor;
				CODE_SIGN_STYLE = Automatic;
				CURRENT_PROJECT_VERSION = 1;
				DEVELOPMENT_TEAM = Y59KXUJS2N;
				GENERATE_INFOPLIST_FILE = YES;
				INFOPLIST_FILE = BinaryTest/Info.plist;
				INFOPLIST_KEY_UIApplicationSupportsIndirectInputEvents = YES;
				INFOPLIST_KEY_UILaunchStoryboardName = LaunchScreen;
				INFOPLIST_KEY_UIMainStoryboardFile = Main;
				INFOPLIST_KEY_UISupportedInterfaceOrientations_iPad = "UIInterfaceOrientationPortrait UIInterfaceOrientationPortraitUpsideDown UIInterfaceOrientationLandscapeLeft UIInterfaceOrientationLandscapeRight";
				INFOPLIST_KEY_UISupportedInterfaceOrientations_iPhone = "UIInterfaceOrientationPortrait UIInterfaceOrientationLandscapeLeft UIInterfaceOrientationLandscapeRight";
				LD_RUNPATH_SEARCH_PATHS = (
					"$(inherited)",
					"@executable_path/Frameworks",
				);
				MARKETING_VERSION = 1.0;
				PRODUCT_BUNDLE_IDENTIFIER = com.anyway.BinaryTest;
				PRODUCT_NAME = "$(TARGET_NAME)";
				SWIFT_EMIT_LOC_STRINGS = YES;
				TARGETED_DEVICE_FAMILY = "1,2";
			};
			name = Release;
		};
/* End XCBuildConfiguration section */

/* Begin XCConfigurationList section */
		4A2CC9BB2915130400C23E71 /* Build configuration list for PBXProject "BinaryTest" */ = {
			isa = XCConfigurationList;
			buildConfigurations = (
				4A2CC9D72915130500C23E71 /* Debug */,
				4A2CC9D82915130500C23E71 /* Release */,
			);
			defaultConfigurationIsVisible = 0;
			defaultConfigurationName = Release;
		};
		4A2CC9D92915130500C23E71 /* Build configuration list for PBXNativeTarget "BinaryTest" */ = {
			isa = XCConfigurationList;
			buildConfigurations = (
				4A2CC9DA2915130500C23E71 /* Debug */,
				4A2CC9DB2915130500C23E71 /* Release */,
			);
			defaultConfigurationIsVisible = 0;
			defaultConfigurationName = Release;
		};
/* End XCConfigurationList section */
	};
	rootObject = 4A2CC9B82915130400C23E71 /* Project object */;
}
